
Microsoft Visual Studio Solution File, Format Version 12.00
# Visual Studio 15
VisualStudioVersion = 15.0.33026.149
MinimumVisualStudioVersion = 10.0.40219.1
Project("{FAE04EC0-301F-11D3-BF4B-00C04F79EFBC}") = "Almoxarifado_TCC", "Almoxarifado_TCC\Almoxarifado_TCC.csproj", "{AF04765C-B884-44AC-A53B-58401A6D92B2}"
EndProject
Global
	GlobalSection(SolutionConfigurationPlatforms) = preSolution
		Debug|Any CPU = Debug|Any CPU
		Release|Any CPU = Release|Any CPU
	EndGlobalSection
	GlobalSection(ProjectConfigurationPlatforms) = postSolution
		{AF04765C-B884-44AC-A53B-58401A6D92B2}.Debug|Any CPU.ActiveCfg = Debug|Any CPU
		{AF04765C-B884-44AC-A53B-58401A6D92B2}.Debug|Any CPU.Build.0 = Debug|Any CPU
		{AF04765C-B884-44AC-A53B-58401A6D92B2}.Release|Any CPU.ActiveCfg = Release|Any CPU
		{AF04765C-B884-44AC-A53B-58401A6D92B2}.Release|Any CPU.Build.0 = Release|Any CPU
	EndGlobalSection
	GlobalSection(SolutionProperties) = preSolution
		HideSolutionNode = FALSE
	EndGlobalSection
	GlobalSection(ExtensibilityGlobals) = postSolution
		SolutionGuid = {A6973467-D0EE-4F6E-8245-86E6A573678D}
	EndGlobalSection
EndGlobal
